
Microsoft Visual Studio Solution File, Format Version 12.00
# Visual Studio Version 17
VisualStudioVersion = 17.4.33205.214
MinimumVisualStudioVersion = 10.0.40219.1
Project("{FAE04EC0-301F-11D3-BF4B-00C04F79EFBC}") = "MailLibrary", "MailLibrary\MailLibrary.csproj", "{A2258B62-E96D-409D-BA50-D511AFC09160}"
EndProject
Global
	GlobalSection(SolutionConfigurationPlatforms) = preSolution
		Debug|Any CPU = Debug|Any CPU
		Release|Any CPU = Release|Any CPU
	EndGlobalSection
	GlobalSection(ProjectConfigurationPlatforms) = postSolution
		{A2258B62-E96D-409D-BA50-D511AFC09160}.Debug|Any CPU.ActiveCfg = Debug|Any CPU
		{A2258B62-E96D-409D-BA50-D511AFC09160}.Debug|Any CPU.Build.0 = Debug|Any CPU
		{A2258B62-E96D-409D-BA50-D511AFC09160}.Release|Any CPU.ActiveCfg = Release|Any CPU
		{A2258B62-E96D-409D-BA50-D511AFC09160}.Release|Any CPU.Build.0 = Release|Any CPU
	EndGlobalSection
	GlobalSection(SolutionProperties) = preSolution
		HideSolutionNode = FALSE
	EndGlobalSection
	GlobalSection(ExtensibilityGlobals) = postSolution
		SolutionGuid = {AA3DC088-8036-4F5C-A3E9-A5ED05714B4B}
	EndGlobalSection
EndGlobal
